
Microsoft Visual Studio Solution File, Format Version 12.00
# Visual Studio Version 17
VisualStudioVersion = 17.11.35222.181
MinimumVisualStudioVersion = 10.0.40219.1
Project("{FAE04EC0-301F-11D3-BF4B-00C04F79EFBC}") = "БазаДанныхМДК1102", "БазаДанныхМДК1102\БазаДанныхМДК1102.csproj", "{BA3A923D-5972-43C4-92CF-1C50E8D1EAB2}"
EndProject
Global
	GlobalSection(SolutionConfigurationPlatforms) = preSolution
		Debug|Any CPU = Debug|Any CPU
		Release|Any CPU = Release|Any CPU
	EndGlobalSection
	GlobalSection(ProjectConfigurationPlatforms) = postSolution
		{BA3A923D-5972-43C4-92CF-1C50E8D1EAB2}.Debug|Any CPU.ActiveCfg = Debug|Any CPU
		{BA3A923D-5972-43C4-92CF-1C50E8D1EAB2}.Debug|Any CPU.Build.0 = Debug|Any CPU
		{BA3A923D-5972-43C4-92CF-1C50E8D1EAB2}.Release|Any CPU.ActiveCfg = Release|Any CPU
		{BA3A923D-5972-43C4-92CF-1C50E8D1EAB2}.Release|Any CPU.Build.0 = Release|Any CPU
	EndGlobalSection
	GlobalSection(SolutionProperties) = preSolution
		HideSolutionNode = FALSE
	EndGlobalSection
	GlobalSection(ExtensibilityGlobals) = postSolution
		SolutionGuid = {7BBB2C12-9965-4731-83AE-FBFCA694D140}
	EndGlobalSection
EndGlobal
